version: 6
environments:
  default:
    channels:
    - url: https://conda.anaconda.org/conda-forge/
    options:
      pypi-prerelease-mode: if-necessary-or-explicit
    packages:
      linux-64:
      - conda: https://conda.anaconda.org/conda-forge/linux-64/_openmp_mutex-4.5-20_gnu.conda
      - conda: https://conda.anaconda.org/conda-forge/linux-64/binutils_impl_linux-64-2.45.1-default_hfdba357_102.conda
      - conda: https://conda.anaconda.org/conda-forge/linux-64/bzip2-1.0.8-hda65f42_9.conda
      - conda: https://conda.anaconda.org/conda-forge/noarch/ca-certificates-2026.2.25-hbd8a1cb_0.conda
      - conda: https://conda.anaconda.org/conda-forge/linux-64/gcc_impl_linux-64-15.2.0-he420e7e_18.conda
      - conda: https://conda.anaconda.org/conda-forge/linux-64/icu-78.3-h33c6efd_0.conda
      - conda: https://conda.anaconda.org/conda-forge/noarch/kernel-headers_linux-64-4.18.0-he073ed8_9.conda
      - conda: https://conda.anaconda.org/conda-forge/linux-64/ld_impl_linux-64-2.45.1-default_hbd61a6d_102.conda
      - conda: https://conda.anaconda.org/conda-forge/linux-64/libexpat-2.7.5-hecca717_0.conda
      - conda: https://conda.anaconda.org/conda-forge/linux-64/libffi-3.5.2-h3435931_0.conda
      - conda: https://conda.anaconda.org/conda-forge/linux-64/libgcc-15.2.0-he0feb66_18.conda
      - conda: https://conda.anaconda.org/conda-forge/noarch/libgcc-devel_linux-64-15.2.0-hcc6f6b0_118.conda
      - conda: https://conda.anaconda.org/conda-forge/linux-64/libgcc-ng-15.2.0-h69a702a_18.conda
      - conda: https://conda.anaconda.org/conda-forge/linux-64/libgomp-15.2.0-he0feb66_18.conda
      - conda: https://conda.anaconda.org/conda-forge/linux-64/liblzma-5.8.2-hb03c661_0.conda
      - conda: https://conda.anaconda.org/conda-forge/linux-64/libnsl-2.0.1-hb9d3cd8_1.conda
      - conda: https://conda.anaconda.org/conda-forge/linux-64/libsanitizer-15.2.0-h90f66d4_18.conda
      - conda: https://conda.anaconda.org/conda-forge/linux-64/libsqlite-3.52.0-hf4e2dac_0.conda
      - conda: https://conda.anaconda.org/conda-forge/linux-64/libstdcxx-15.2.0-h934c35e_18.conda
      - conda: https://conda.anaconda.org/conda-forge/noarch/libstdcxx-devel_linux-64-15.2.0-hd446a21_118.conda
      - conda: https://conda.anaconda.org/conda-forge/linux-64/libuuid-2.42-h5347b49_0.conda
      - conda: https://conda.anaconda.org/conda-forge/linux-64/libuv-1.51.0-hb03c661_1.conda
      - conda: https://conda.anaconda.org/conda-forge/linux-64/libxcrypt-4.4.36-hd590300_1.conda
      - conda: https://conda.anaconda.org/conda-forge/linux-64/libzlib-1.3.2-h25fd6f3_2.conda
      - conda: https://conda.anaconda.org/conda-forge/linux-64/maturin-1.12.6-py310h2b5ca13_0.conda
      - conda: https://conda.anaconda.org/conda-forge/linux-64/ncurses-6.5-h2d0b736_3.conda
      - conda: https://conda.anaconda.org/conda-forge/linux-64/nodejs-20.20.2-h44b80ee_0.conda
      - conda: https://conda.anaconda.org/conda-forge/linux-64/openssl-3.6.1-h35e630c_1.conda
      - conda: https://conda.anaconda.org/conda-forge/noarch/packaging-26.0-pyhcf101f3_0.conda
      - conda: https://conda.anaconda.org/conda-forge/noarch/pip-26.0.1-pyh8b19718_0.conda
      - conda: https://conda.anaconda.org/conda-forge/linux-64/python-3.12.13-hd63d673_0_cpython.conda
      - conda: https://conda.anaconda.org/conda-forge/linux-64/readline-8.3-h853b02a_0.conda
      - conda: https://conda.anaconda.org/conda-forge/linux-64/rust-1.94.0-h53717f1_0.conda
      - conda: https://conda.anaconda.org/conda-forge/noarch/rust-std-x86_64-unknown-linux-gnu-1.94.0-h2c6d0dc_0.conda
      - conda: https://conda.anaconda.org/conda-forge/noarch/setuptools-82.0.1-pyh332efcf_0.conda
      - conda: https://conda.anaconda.org/conda-forge/noarch/sysroot_linux-64-2.28-h4ee821c_9.conda
      - conda: https://conda.anaconda.org/conda-forge/linux-64/tk-8.6.13-noxft_h366c992_103.conda
      - conda: https://conda.anaconda.org/conda-forge/noarch/tomli-2.4.1-pyhcf101f3_0.conda
      - conda: https://conda.anaconda.org/conda-forge/noarch/tzdata-2025c-hc9c84f9_1.conda
      - conda: https://conda.anaconda.org/conda-forge/noarch/wheel-0.46.3-pyhd8ed1ab_0.conda
      - conda: https://conda.anaconda.org/conda-forge/linux-64/zlib-1.3.2-h25fd6f3_2.conda
      - conda: https://conda.anaconda.org/conda-forge/linux-64/zstd-1.5.7-hb78ec9c_6.conda
      win-64:
      - conda: https://conda.anaconda.org/conda-forge/win-64/bzip2-1.0.8-h0ad9c76_9.conda
      - conda: https://conda.anaconda.org/conda-forge/noarch/ca-certificates-2026.2.25-h4c7d964_0.conda
      - conda: https://conda.anaconda.org/conda-forge/win-64/libexpat-2.7.5-hac47afa_0.conda
      - conda: https://conda.anaconda.org/conda-forge/win-64/libffi-3.5.2-h3d046cb_0.conda
      - conda: https://conda.anaconda.org/conda-forge/win-64/liblzma-5.8.2-hfd05255_0.conda
      - conda: https://conda.anaconda.org/conda-forge/win-64/libsqlite-3.52.0-hf5d6505_0.conda
      - conda: https://conda.anaconda.org/conda-forge/win-64/libzlib-1.3.2-hfd05255_2.conda
      - conda: https://conda.anaconda.org/conda-forge/win-64/maturin-1.12.6-py310h6f63dbe_0.conda
      - conda: https://conda.anaconda.org/conda-forge/win-64/nodejs-20.20.2-h80290e7_0.conda
      - conda: https://conda.anaconda.org/conda-forge/win-64/openssl-3.6.1-hf411b9b_1.conda
      - conda: https://conda.anaconda.org/conda-forge/noarch/packaging-26.0-pyhcf101f3_0.conda
      - conda: https://conda.anaconda.org/conda-forge/noarch/pip-26.0.1-pyh8b19718_0.conda
      - conda: https://conda.anaconda.org/conda-forge/win-64/python-3.12.13-h0159041_0_cpython.conda
      - conda: https://conda.anaconda.org/conda-forge/win-64/rust-1.94.0-hf8d6059_0.conda
      - conda: https://conda.anaconda.org/conda-forge/noarch/rust-std-x86_64-pc-windows-msvc-1.94.0-h17fc481_0.conda
      - conda: https://conda.anaconda.org/conda-forge/noarch/setuptools-82.0.1-pyh332efcf_0.conda
      - conda: https://conda.anaconda.org/conda-forge/win-64/tk-8.6.13-h6ed50ae_3.conda
      - conda: https://conda.anaconda.org/conda-forge/noarch/tomli-2.4.1-pyhcf101f3_0.conda
      - conda: https://conda.anaconda.org/conda-forge/noarch/tzdata-2025c-hc9c84f9_1.conda
      - conda: https://conda.anaconda.org/conda-forge/win-64/ucrt-10.0.26100.0-h57928b3_0.conda
      - conda: https://conda.anaconda.org/conda-forge/win-64/vc-14.3-h41ae7f8_34.conda
      - conda: https://conda.anaconda.org/conda-forge/win-64/vc14_runtime-14.44.35208-h818238b_34.conda
      - conda: https://conda.anaconda.org/conda-forge/win-64/vcomp14-14.44.35208-h818238b_34.conda
      - conda: https://conda.anaconda.org/conda-forge/noarch/wheel-0.46.3-pyhd8ed1ab_0.conda
packages:
- conda: https://conda.anaconda.org/conda-forge/linux-64/_openmp_mutex-4.5-20_gnu.conda
  build_number: 20
  sha256: 1dd3fffd892081df9726d7eb7e0dea6198962ba775bd88842135a4ddb4deb3c9
  md5: a9f577daf3de00bca7c3c76c0ecbd1de
  depends:
  - __glibc >=2.17,<3.0.a0
  - libgomp >=7.5.0
  constrains:
  - openmp_impl <0.0a0
  license: BSD-3-Clause
  license_family: BSD
  size: 28948
  timestamp: 1770939786096
- conda: https://conda.anaconda.org/conda-forge/linux-64/binutils_impl_linux-64-2.45.1-default_hfdba357_102.conda
  sha256: 0a7d405064f53b9d91d92515f1460f7906ee5e8523f3cd8973430e81219f4917
  md5: 8165352fdce2d2025bf884dc0ee85700
  depends:
  - ld_impl_linux-64 2.45.1 default_hbd61a6d_102
  - sysroot_linux-64
  - zstd >=1.5.7,<1.6.0a0
  license: GPL-3.0-only
  license_family: GPL
  size: 3661455
  timestamp: 1774197460085
- conda: https://conda.anaconda.org/conda-forge/linux-64/bzip2-1.0.8-hda65f42_9.conda
  sha256: 0b75d45f0bba3e95dc693336fa51f40ea28c980131fec438afb7ce6118ed05f6
  md5: d2ffd7602c02f2b316fd921d39876885
  depends:
  - __glibc >=2.17,<3.0.a0
  - libgcc >=14
  license: bzip2-1.0.6
  license_family: BSD
  size: 260182
  timestamp: 1771350215188
- conda: https://conda.anaconda.org/conda-forge/win-64/bzip2-1.0.8-h0ad9c76_9.conda
  sha256: 76dfb71df5e8d1c4eded2dbb5ba15bb8fb2e2b0fe42d94145d5eed4c75c35902
  md5: 4cb8e6b48f67de0b018719cdf1136306
  depends:
  - ucrt >=10.0.20348.0
  - vc >=14.3,<15
  - vc14_runtime >=14.44.35208
  license: bzip2-1.0.6
  license_family: BSD
  size: 56115
  timestamp: 1771350256444
- conda: https://conda.anaconda.org/conda-forge/noarch/ca-certificates-2026.2.25-h4c7d964_0.conda
  sha256: 37950019c59b99585cee5d30dbc2cc9696ed4e11f5742606a4db1621ed8f94d6
  md5: f001e6e220355b7f87403a4d0e5bf1ca
  depends:
  - __win
  license: ISC
  size: 147734
  timestamp: 1772006322223
- conda: https://conda.anaconda.org/conda-forge/noarch/ca-certificates-2026.2.25-hbd8a1cb_0.conda
  sha256: 67cc7101b36421c5913a1687ef1b99f85b5d6868da3abbf6ec1a4181e79782fc
  md5: 4492fd26db29495f0ba23f146cd5638d
  depends:
  - __unix
  license: ISC
  size: 147413
  timestamp: 1772006283803
- conda: https://conda.anaconda.org/conda-forge/linux-64/gcc_impl_linux-64-15.2.0-he420e7e_18.conda
  sha256: a088cfd3ae6fa83815faa8703bc9d21cc915f17bd1b51aac9c16ddf678da21e4
  md5: cf56b6d74f580b91fd527e10d9a2e324
  depends:
  - binutils_impl_linux-64 >=2.45
  - libgcc >=15.2.0
  - libgcc-devel_linux-64 15.2.0 hcc6f6b0_118
  - libgomp >=15.2.0
  - libsanitizer 15.2.0 h90f66d4_18
  - libstdcxx >=15.2.0
  - libstdcxx-devel_linux-64 15.2.0 hd446a21_118
  - sysroot_linux-64
  license: GPL-3.0-only WITH GCC-exception-3.1
  license_family: GPL
  size: 81814135
  timestamp: 1771378369317
- conda: https://conda.anaconda.org/conda-forge/linux-64/icu-78.3-h33c6efd_0.conda
  sha256: fbf86c4a59c2ed05bbffb2ba25c7ed94f6185ec30ecb691615d42342baa1a16a
  md5: c80d8a3b84358cb967fa81e7075fbc8a
  depends:
  - __glibc >=2.17,<3.0.a0
  - libgcc >=14
  - libstdcxx >=14
  license: MIT
  license_family: MIT
  size: 12723451
  timestamp: 1773822285671
- conda: https://conda.anaconda.org/conda-forge/noarch/kernel-headers_linux-64-4.18.0-he073ed8_9.conda
  sha256: 41557eeadf641de6aeae49486cef30d02a6912d8da98585d687894afd65b356a
  md5: 86d9cba083cd041bfbf242a01a7a1999
  constrains:
  - sysroot_linux-64 ==2.28
  license: LGPL-2.0-or-later AND LGPL-2.0-or-later WITH exceptions AND GPL-2.0-or-later
  license_family: GPL
  size: 1278712
  timestamp: 1765578681495
- conda: https://conda.anaconda.org/conda-forge/linux-64/ld_impl_linux-64-2.45.1-default_hbd61a6d_102.conda
  sha256: 3d584956604909ff5df353767f3a2a2f60e07d070b328d109f30ac40cd62df6c
  md5: 18335a698559cdbcd86150a48bf54ba6
  depends:
  - __glibc >=2.17,<3.0.a0
  - zstd >=1.5.7,<1.6.0a0
  constrains:
  - binutils_impl_linux-64 2.45.1
  license: GPL-3.0-only
  license_family: GPL
  size: 728002
  timestamp: 1774197446916
- conda: https://conda.anaconda.org/conda-forge/linux-64/libexpat-2.7.5-hecca717_0.conda
  sha256: e8c2b57f6aacabdf2f1b0924bd4831ce5071ba080baa4a9e8c0d720588b6794c
  md5: 49f570f3bc4c874a06ea69b7225753af
  depends:
  - __glibc >=2.17,<3.0.a0
  - libgcc >=14
  constrains:
  - expat 2.7.5.*
  license: MIT
  license_family: MIT
  size: 76624
  timestamp: 1774719175983
- conda: https://conda.anaconda.org/conda-forge/win-64/libexpat-2.7.5-hac47afa_0.conda
  sha256: 6850c3a4d5dc215b86f58518cfb8752998533d6569b08da8df1da72e7c68e571
  md5: bfb43f52f13b7c56e7677aa7a8efdf0c
  depends:
  - ucrt >=10.0.20348.0
  - vc >=14.3,<15
  - vc14_runtime >=14.44.35208
  constrains:
  - expat 2.7.5.*
  license: MIT
  license_family: MIT
  size: 70609
  timestamp: 1774719377850
- conda: https://conda.anaconda.org/conda-forge/linux-64/libffi-3.5.2-h3435931_0.conda
  sha256: 31f19b6a88ce40ebc0d5a992c131f57d919f73c0b92cd1617a5bec83f6e961e6
  md5: a360c33a5abe61c07959e449fa1453eb
  depends:
  - __glibc >=2.17,<3.0.a0
  - libgcc >=14
  license: MIT
  license_family: MIT
  size: 58592
  timestamp: 1769456073053
- conda: https://conda.anaconda.org/conda-forge/win-64/libffi-3.5.2-h3d046cb_0.conda
  sha256: 59d01f2dfa8b77491b5888a5ab88ff4e1574c9359f7e229da254cdfe27ddc190
  md5: 720b39f5ec0610457b725eb3f396219a
  depends:
  - ucrt >=10.0.20348.0
  - vc >=14.3,<15
  - vc14_runtime >=14.44.35208
  license: MIT
  license_family: MIT
  size: 45831
  timestamp: 1769456418774
- conda: https://conda.anaconda.org/conda-forge/linux-64/libgcc-15.2.0-he0feb66_18.conda
  sha256: faf7d2017b4d718951e3a59d081eb09759152f93038479b768e3d612688f83f5
  md5: 0aa00f03f9e39fb9876085dee11a85d4
  depends:
  - __glibc >=2.17,<3.0.a0
  - _openmp_mutex >=4.5
  constrains:
  - libgcc-ng ==15.2.0=*_18
  - libgomp 15.2.0 he0feb66_18
  license: GPL-3.0-only WITH GCC-exception-3.1
  license_family: GPL
  size: 1041788
  timestamp: 1771378212382
- conda: https://conda.anaconda.org/conda-forge/noarch/libgcc-devel_linux-64-15.2.0-hcc6f6b0_118.conda
  sha256: af69fc5852908d26e5b630b270982ac792506551dd6af1614bf0370dd5ab5746
  md5: 5d3a96d55f1be45fef88ee23155effd9
  depends:
  - __unix
  license: GPL-3.0-only WITH GCC-exception-3.1
  license_family: GPL
  size: 3085932
  timestamp: 1771378098166
- conda: https://conda.anaconda.org/conda-forge/linux-64/libgcc-ng-15.2.0-h69a702a_18.conda
  sha256: e318a711400f536c81123e753d4c797a821021fb38970cebfb3f454126016893
  md5: d5e96b1ed75ca01906b3d2469b4ce493
  depends:
  - libgcc 15.2.0 he0feb66_18
  license: GPL-3.0-only WITH GCC-exception-3.1
  license_family: GPL
  size: 27526
  timestamp: 1771378224552
- conda: https://conda.anaconda.org/conda-forge/linux-64/libgomp-15.2.0-he0feb66_18.conda
  sha256: 21337ab58e5e0649d869ab168d4e609b033509de22521de1bfed0c031bfc5110
  md5: 239c5e9546c38a1e884d69effcf4c882
  depends:
  - __glibc >=2.17,<3.0.a0
  license: GPL-3.0-only WITH GCC-exception-3.1
  license_family: GPL
  size: 603262
  timestamp: 1771378117851
- conda: https://conda.anaconda.org/conda-forge/linux-64/liblzma-5.8.2-hb03c661_0.conda
  sha256: 755c55ebab181d678c12e49cced893598f2bab22d582fbbf4d8b83c18be207eb
  md5: c7c83eecbb72d88b940c249af56c8b17
  depends:
  - __glibc >=2.17,<3.0.a0
  - libgcc >=14
  constrains:
  - xz 5.8.2.*
  license: 0BSD
  size: 113207
  timestamp: 1768752626120
- conda: https://conda.anaconda.org/conda-forge/win-64/liblzma-5.8.2-hfd05255_0.conda
  sha256: f25bf293f550c8ed2e0c7145eb404324611cfccff37660869d97abf526eb957c
  md5: ba0bfd4c3cf73f299ffe46ff0eaeb8e3
  depends:
  - ucrt >=10.0.20348.0
  - vc >=14.3,<15
  - vc14_runtime >=14.44.35208
  constrains:
  - xz 5.8.2.*
  license: 0BSD
  size: 106169
  timestamp: 1768752763559
- conda: https://conda.anaconda.org/conda-forge/linux-64/libnsl-2.0.1-hb9d3cd8_1.conda
  sha256: 927fe72b054277cde6cb82597d0fcf6baf127dcbce2e0a9d8925a68f1265eef5
  md5: d864d34357c3b65a4b731f78c0801dc4
  depends:
  - __glibc >=2.17,<3.0.a0
  - libgcc >=13
  license: LGPL-2.1-only
  license_family: GPL
  size: 33731
  timestamp: 1750274110928
- conda: https://conda.anaconda.org/conda-forge/linux-64/libsanitizer-15.2.0-h90f66d4_18.conda
  sha256: 0329e23d54a567c259adc962a62172eaa55e6ca33c105ef67b4f3cdb4ef70eaa
  md5: ff754fbe790d4e70cf38aea3668c3cb3
  depends:
  - __glibc >=2.17,<3.0.a0
  - libgcc >=15.2.0
  - libstdcxx >=15.2.0
  license: GPL-3.0-only WITH GCC-exception-3.1
  license_family: GPL
  size: 8095113
  timestamp: 1771378289674
- conda: https://conda.anaconda.org/conda-forge/linux-64/libsqlite-3.52.0-hf4e2dac_0.conda
  sha256: d716847b7deca293d2e49ed1c8ab9e4b9e04b9d780aea49a97c26925b28a7993
  md5: fd893f6a3002a635b5e50ceb9dd2c0f4
  depends:
  - __glibc >=2.17,<3.0.a0
  - icu >=78.2,<79.0a0
  - libgcc >=14
  - libzlib >=1.3.1,<2.0a0
  license: blessing
  size: 951405
  timestamp: 1772818874251
- conda: https://conda.anaconda.org/conda-forge/win-64/libsqlite-3.52.0-hf5d6505_0.conda
  sha256: 5fccf1e4e4062f8b9a554abf4f9735a98e70f82e2865d0bfdb47b9de94887583
  md5: 8830689d537fda55f990620680934bb1
  depends:
  - ucrt >=10.0.20348.0
  - vc >=14.3,<15
  - vc14_runtime >=14.44.35208
  license: blessing
  size: 1297302
  timestamp: 1772818899033
- conda: https://conda.anaconda.org/conda-forge/linux-64/libstdcxx-15.2.0-h934c35e_18.conda
  sha256: 78668020064fdaa27e9ab65cd2997e2c837b564ab26ce3bf0e58a2ce1a525c6e
  md5: 1b08cd684f34175e4514474793d44bcb
  depends:
  - __glibc >=2.17,<3.0.a0
  - libgcc 15.2.0 he0feb66_18
  constrains:
  - libstdcxx-ng ==15.2.0=*_18
  license: GPL-3.0-only WITH GCC-exception-3.1
  license_family: GPL
  size: 5852330
  timestamp: 1771378262446
- conda: https://conda.anaconda.org/conda-forge/noarch/libstdcxx-devel_linux-64-15.2.0-hd446a21_118.conda
  sha256: 138ee40ba770abf4556ee9981879da9e33299f406a450831b48c1c397d7d0833
  md5: a50630d1810916fc252b2152f1dc9d6d
  depends:
  - __unix
  license: GPL-3.0-only WITH GCC-exception-3.1
  license_family: GPL
  size: 20669511
  timestamp: 1771378139786
- conda: https://conda.anaconda.org/conda-forge/linux-64/libuuid-2.42-h5347b49_0.conda
  sha256: bc1b08c92626c91500fd9f26f2c797f3eb153b627d53e9c13cd167f1e12b2829
  md5: 38ffe67b78c9d4de527be8315e5ada2c
  depends:
  - __glibc >=2.17,<3.0.a0
  - libgcc >=14
  license: BSD-3-Clause
  license_family: BSD
  size: 40297
  timestamp: 1775052476770
- conda: https://conda.anaconda.org/conda-forge/linux-64/libuv-1.51.0-hb03c661_1.conda
  sha256: c180f4124a889ac343fc59d15558e93667d894a966ec6fdb61da1604481be26b
  md5: 0f03292cc56bf91a077a134ea8747118
  depends:
  - __glibc >=2.17,<3.0.a0
  - libgcc >=14
  license: MIT
  license_family: MIT
  size: 895108
  timestamp: 1753948278280
- conda: https://conda.anaconda.org/conda-forge/linux-64/libxcrypt-4.4.36-hd590300_1.conda
  sha256: 6ae68e0b86423ef188196fff6207ed0c8195dd84273cb5623b85aa08033a410c
  md5: 5aa797f8787fe7a17d1b0821485b5adc
  depends:
  - libgcc-ng >=12
  license: LGPL-2.1-or-later
  size: 100393
  timestamp: 1702724383534
- conda: https://conda.anaconda.org/conda-forge/linux-64/libzlib-1.3.2-h25fd6f3_2.conda
  sha256: 55044c403570f0dc26e6364de4dc5368e5f3fc7ff103e867c487e2b5ab2bcda9
  md5: d87ff7921124eccd67248aa483c23fec
  depends:
  - __glibc >=2.17,<3.0.a0
  constrains:
  - zlib 1.3.2 *_2
  license: Zlib
  license_family: Other
  size: 63629
  timestamp: 1774072609062
- conda: https://conda.anaconda.org/conda-forge/win-64/libzlib-1.3.2-hfd05255_2.conda
  sha256: 88609816e0cc7452bac637aaf65783e5edf4fee8a9f8e22bdc3a75882c536061
  md5: dbabbd6234dea34040e631f87676292f
  depends:
  - ucrt >=10.0.20348.0
  - vc >=14.3,<15
  - vc14_runtime >=14.44.35208
  constrains:
  - zlib 1.3.2 *_2
  license: Zlib
  license_family: Other
  size: 58347
  timestamp: 1774072851498
- conda: https://conda.anaconda.org/conda-forge/linux-64/maturin-1.12.6-py310h2b5ca13_0.conda
  noarch: python
  sha256: 4923a79d43e7632bdb48ea619be05ea182b18fdf79b1b5a5ac06457f507a6e92
  md5: 4b9f4fd6c8f442d01e60c08d6e2dc0cf
  depends:
  - python
  - tomli >=1.1.0
  - libgcc >=14
  - __glibc >=2.17,<3.0.a0
  - openssl >=3.5.5,<4.0a0
  constrains:
  - __glibc >=2.17
  license: MIT
  license_family: MIT
  size: 8646017
  timestamp: 1772383864935
- conda: https://conda.anaconda.org/conda-forge/win-64/maturin-1.12.6-py310h6f63dbe_0.conda
  noarch: python
  sha256: 0dd38daa79e7df64bbd3fe7437051d4c956673ec545d5978950a8d656ead7801
  md5: bb3cd953b653326f05b7793afbeef779
  depends:
  - python
  - tomli >=1.1.0
  - vc >=14.3,<15
  - vc14_runtime >=14.44.35208
  - ucrt >=10.0.20348.0
  license: MIT
  license_family: MIT
  size: 7822162
  timestamp: 1772383880154
- conda: https://conda.anaconda.org/conda-forge/linux-64/ncurses-6.5-h2d0b736_3.conda
  sha256: 3fde293232fa3fca98635e1167de6b7c7fda83caf24b9d6c91ec9eefb4f4d586
  md5: 47e340acb35de30501a76c7c799c41d7
  depends:
  - __glibc >=2.17,<3.0.a0
  - libgcc >=13
  license: X11 AND BSD-3-Clause
  size: 891641
  timestamp: 1738195959188
- conda: https://conda.anaconda.org/conda-forge/linux-64/nodejs-20.20.2-h44b80ee_0.conda
  sha256: 9a4af21d212e0b4aa8ed2b8c14786560a2923554d7ae1a8cd77ba9952e81b3af
  md5: 113e0116af867d4d96325b5b93d984c5
  depends:
  - __glibc >=2.17,<3.0.a0
  - icu >=78.3,<79.0a0
  - libgcc >=14
  - libstdcxx >=14
  - libuv >=1.51.0,<2.0a0
  - libzlib >=1.3.2,<2.0a0
  - openssl >=3.5.5,<4.0a0
  - zlib
  license: MIT
  license_family: MIT
  size: 17422799
  timestamp: 1774517512361
- conda: https://conda.anaconda.org/conda-forge/win-64/nodejs-20.20.2-h80290e7_0.conda
  sha256: ec577efa787f8dcc72d8e2c66015520da42a15b9fe6a77929012f9ecf23f4de5
  md5: 46b3e1dcfb686fa2912efd4e714a56ba
  license: MIT
  license_family: MIT
  size: 23161540
  timestamp: 1774514441113
- conda: https://conda.anaconda.org/conda-forge/linux-64/openssl-3.6.1-h35e630c_1.conda
  sha256: 44c877f8af015332a5d12f5ff0fb20ca32f896526a7d0cdb30c769df1144fb5c
  md5: f61eb8cd60ff9057122a3d338b99c00f
  depends:
  - __glibc >=2.17,<3.0.a0
  - ca-certificates
  - libgcc >=14
  license: Apache-2.0
  license_family: Apache
  size: 3164551
  timestamp: 1769555830639
- conda: https://conda.anaconda.org/conda-forge/win-64/openssl-3.6.1-hf411b9b_1.conda
  sha256: 53a5ad2e5553b8157a91bb8aa375f78c5958f77cb80e9d2ce59471ea8e5c0bd6
  md5: eb585509b815415bc964b2c7e11c7eb3
  depends:
  - ca-certificates
  - ucrt >=10.0.20348.0
  - vc >=14.3,<15
  - vc14_runtime >=14.44.35208
  license: Apache-2.0
  license_family: Apache
  size: 9343023
  timestamp: 1769557547888
- conda: https://conda.anaconda.org/conda-forge/noarch/packaging-26.0-pyhcf101f3_0.conda
  sha256: c1fc0f953048f743385d31c468b4a678b3ad20caffdeaa94bed85ba63049fd58
  md5: b76541e68fea4d511b1ac46a28dcd2c6
  depends:
  - python >=3.8
  - python
  license: Apache-2.0
  license_family: APACHE
  size: 72010
  timestamp: 1769093650580
- conda: https://conda.anaconda.org/conda-forge/noarch/pip-26.0.1-pyh8b19718_0.conda
  sha256: 8e1497814a9997654ed7990a79c054ea5a42545679407acbc6f7e809c73c9120
  md5: 67bdec43082fd8a9cffb9484420b39a2
  depends:
  - python >=3.10,<3.13.0a0
  - setuptools
  - wheel
  license: MIT
  license_family: MIT
  size: 1181790
  timestamp: 1770270305795
- conda: https://conda.anaconda.org/conda-forge/linux-64/python-3.12.13-hd63d673_0_cpython.conda
  sha256: a44655c1c3e1d43ed8704890a91e12afd68130414ea2c0872e154e5633a13d7e
  md5: 7eccb41177e15cc672e1babe9056018e
  depends:
  - __glibc >=2.17,<3.0.a0
  - bzip2 >=1.0.8,<2.0a0
  - ld_impl_linux-64 >=2.36.1
  - libexpat >=2.7.4,<3.0a0
  - libffi >=3.5.2,<3.6.0a0
  - libgcc >=14
  - liblzma >=5.8.2,<6.0a0
  - libnsl >=2.0.1,<2.1.0a0
  - libsqlite >=3.51.2,<4.0a0
  - libuuid >=2.41.3,<3.0a0
  - libxcrypt >=4.4.36
  - libzlib >=1.3.1,<2.0a0
  - ncurses >=6.5,<7.0a0
  - openssl >=3.5.5,<4.0a0
  - readline >=8.3,<9.0a0
  - tk >=8.6.13,<8.7.0a0
  - tzdata
  constrains:
  - python_abi 3.12.* *_cp312
  license: Python-2.0
  size: 31608571
  timestamp: 1772730708989
- conda: https://conda.anaconda.org/conda-forge/win-64/python-3.12.13-h0159041_0_cpython.conda
  sha256: a02b446d8b7b167b61733a3de3be5de1342250403e72a63b18dac89e99e6180e
  md5: 2956dff38eb9f8332ad4caeba941cfe7
  depends:
  - bzip2 >=1.0.8,<2.0a0
  - libexpat >=2.7.4,<3.0a0
  - libffi >=3.5.2,<3.6.0a0
  - liblzma >=5.8.2,<6.0a0
  - libsqlite >=3.51.2,<4.0a0
  - libzlib >=1.3.1,<2.0a0
  - openssl >=3.5.5,<4.0a0
  - tk >=8.6.13,<8.7.0a0
  - tzdata
  - ucrt >=10.0.20348.0
  - vc >=14.3,<15
  - vc14_runtime >=14.44.35208
  constrains:
  - python_abi 3.12.* *_cp312
  license: Python-2.0
  size: 15840187
  timestamp: 1772728877265
- conda: https://conda.anaconda.org/conda-forge/linux-64/readline-8.3-h853b02a_0.conda
  sha256: 12ffde5a6f958e285aa22c191ca01bbd3d6e710aa852e00618fa6ddc59149002
  md5: d7d95fc8287ea7bf33e0e7116d2b95ec
  depends:
  - __glibc >=2.17,<3.0.a0
  - libgcc >=14
  - ncurses >=6.5,<7.0a0
  license: GPL-3.0-only
  license_family: GPL
  size: 345073
  timestamp: 1765813471974
- conda: https://conda.anaconda.org/conda-forge/linux-64/rust-1.94.0-h53717f1_0.conda
  sha256: 50bfa8a8f848c1cb0a75e25327c056e5dad46c9076d54471b01b08fa7fd64f94
  md5: f32243e302459c44eb66291ff690abd2
  depends:
  - __glibc >=2.17,<3.0.a0
  - gcc_impl_linux-64
  - libgcc >=14
  - libzlib >=1.3.1,<2.0a0
  - rust-std-x86_64-unknown-linux-gnu 1.94.0 h2c6d0dc_0
  - sysroot_linux-64 >=2.17
  license: MIT
  license_family: MIT
  size: 178422821
  timestamp: 1773066893036
- conda: https://conda.anaconda.org/conda-forge/win-64/rust-1.94.0-hf8d6059_0.conda
  sha256: e1527c93259a2b0d3902b23232a43dd65ae6fde5824292c2f9d4fab0a36b2bef
  md5: e9a29bde9a77aeeac056dddd6edd6863
  depends:
  - rust-std-x86_64-pc-windows-msvc 1.94.0 h17fc481_0
  license: MIT
  license_family: MIT
  size: 196531421
  timestamp: 1773068659416
- conda: https://conda.anaconda.org/conda-forge/noarch/rust-std-x86_64-pc-windows-msvc-1.94.0-h17fc481_0.conda
  sha256: 3d84e1778e68709a377127af453f8564d038053c61ca063f448ee6c03dc8b20a
  md5: a80810ebd9d697f369a94af8b8afe45e
  depends:
  - __win
  constrains:
  - rust >=1.94.0,<1.94.1.0a0
  license: MIT
  license_family: MIT
  size: 26451999
  timestamp: 1773068501954
- conda: https://conda.anaconda.org/conda-forge/noarch/rust-std-x86_64-unknown-linux-gnu-1.94.0-h2c6d0dc_0.conda
  sha256: 3980a10eee5f24ce7770c5d1665f93f363345c630bb6189176f3ab7bd9e8724d
  md5: df0c8674169061103f9cc0e112591eab
  depends:
  - __unix
  constrains:
  - rust >=1.94.0,<1.94.1.0a0
  license: MIT
  license_family: MIT
  size: 36890656
  timestamp: 1773066787379
- conda: https://conda.anaconda.org/conda-forge/noarch/setuptools-82.0.1-pyh332efcf_0.conda
  sha256: 82088a6e4daa33329a30bc26dc19a98c7c1d3f05c0f73ce9845d4eab4924e9e1
  md5: 8e194e7b992f99a5015edbd4ebd38efd
  depends:
  - python >=3.10
  license: MIT
  license_family: MIT
  size: 639697
  timestamp: 1773074868565
- conda: https://conda.anaconda.org/conda-forge/noarch/sysroot_linux-64-2.28-h4ee821c_9.conda
  sha256: c47299fe37aebb0fcf674b3be588e67e4afb86225be4b0d452c7eb75c086b851
  md5: 13dc3adbc692664cd3beabd216434749
  depends:
  - __glibc >=2.28
  - kernel-headers_linux-64 4.18.0 he073ed8_9
  - tzdata
  license: LGPL-2.0-or-later AND LGPL-2.0-or-later WITH exceptions AND GPL-2.0-or-later
  license_family: GPL
  size: 24008591
  timestamp: 1765578833462
- conda: https://conda.anaconda.org/conda-forge/linux-64/tk-8.6.13-noxft_h366c992_103.conda
  sha256: cafeec44494f842ffeca27e9c8b0c27ed714f93ac77ddadc6aaf726b5554ebac
  md5: cffd3bdd58090148f4cfcd831f4b26ab
  depends:
  - __glibc >=2.17,<3.0.a0
  - libgcc >=14
  - libzlib >=1.3.1,<2.0a0
  constrains:
  - xorg-libx11 >=1.8.12,<2.0a0
  license: TCL
  license_family: BSD
  size: 3301196
  timestamp: 1769460227866
- conda: https://conda.anaconda.org/conda-forge/win-64/tk-8.6.13-h6ed50ae_3.conda
  sha256: 0e79810fae28f3b69fe7391b0d43f5474d6bd91d451d5f2bde02f55ae481d5e3
  md5: 0481bfd9814bf525bd4b3ee4b51494c4
  depends:
  - ucrt >=10.0.20348.0
  - vc >=14.3,<15
  - vc14_runtime >=14.44.35208
  license: TCL
  license_family: BSD
  size: 3526350
  timestamp: 1769460339384
- conda: https://conda.anaconda.org/conda-forge/noarch/tomli-2.4.1-pyhcf101f3_0.conda
  sha256: 91cafdb64268e43e0e10d30bd1bef5af392e69f00edd34dfaf909f69ab2da6bd
  md5: b5325cf06a000c5b14970462ff5e4d58
  depends:
  - python >=3.10
  - python
  license: MIT
  license_family: MIT
  size: 21561
  timestamp: 1774492402955
- conda: https://conda.anaconda.org/conda-forge/noarch/tzdata-2025c-hc9c84f9_1.conda
  sha256: 1d30098909076af33a35017eed6f2953af1c769e273a0626a04722ac4acaba3c
  md5: ad659d0a2b3e47e38d829aa8cad2d610
  license: LicenseRef-Public-Domain
  size: 119135
  timestamp: 1767016325805
- conda: https://conda.anaconda.org/conda-forge/win-64/ucrt-10.0.26100.0-h57928b3_0.conda
  sha256: 3005729dce6f3d3f5ec91dfc49fc75a0095f9cd23bab49efb899657297ac91a5
  md5: 71b24316859acd00bdb8b38f5e2ce328
  constrains:
  - vc14_runtime >=14.29.30037
  - vs2015_runtime >=14.29.30037
  license: LicenseRef-MicrosoftWindowsSDK10
  size: 694692
  timestamp: 1756385147981
- conda: https://conda.anaconda.org/conda-forge/win-64/vc-14.3-h41ae7f8_34.conda
  sha256: 9dc40c2610a6e6727d635c62cced5ef30b7b30123f5ef67d6139e23d21744b3a
  md5: 1e610f2416b6acdd231c5f573d754a0f
  depends:
  - vc14_runtime >=14.44.35208
  track_features:
  - vc14
  license: BSD-3-Clause
  license_family: BSD
  size: 19356
  timestamp: 1767320221521
- conda: https://conda.anaconda.org/conda-forge/win-64/vc14_runtime-14.44.35208-h818238b_34.conda
  sha256: 02732f953292cce179de9b633e74928037fa3741eb5ef91c3f8bae4f761d32a5
  md5: 37eb311485d2d8b2c419449582046a42
  depends:
  - ucrt >=10.0.20348.0
  - vcomp14 14.44.35208 h818238b_34
  constrains:
  - vs2015_runtime 14.44.35208.* *_34
  license: LicenseRef-MicrosoftVisualCpp2015-2022Runtime
  license_family: Proprietary
  size: 683233
  timestamp: 1767320219644
- conda: https://conda.anaconda.org/conda-forge/win-64/vcomp14-14.44.35208-h818238b_34.conda
  sha256: 878d5d10318b119bd98ed3ed874bd467acbe21996e1d81597a1dbf8030ea0ce6
  md5: 242d9f25d2ae60c76b38a5e42858e51d
  depends:
  - ucrt >=10.0.20348.0
  constrains:
  - vs2015_runtime 14.44.35208.* *_34
  license: LicenseRef-MicrosoftVisualCpp2015-2022Runtime
  license_family: Proprietary
  size: 115235
  timestamp: 1767320173250
- conda: https://conda.anaconda.org/conda-forge/noarch/wheel-0.46.3-pyhd8ed1ab_0.conda
  sha256: d6cf2f0ebd5e09120c28ecba450556ce553752652d91795442f0e70f837126ae
  md5: bdbd7385b4a67025ac2dba4ef8cb6a8f
  depends:
  - packaging >=24.0
  - python >=3.10
  license: MIT
  license_family: MIT
  size: 31858
  timestamp: 1769139207397
- conda: https://conda.anaconda.org/conda-forge/linux-64/zlib-1.3.2-h25fd6f3_2.conda
  sha256: 245c9ee8d688e23661b95e3c6dd7272ca936fabc03d423cdb3cdee1bbcf9f2f2
  md5: c2a01a08fc991620a74b32420e97868a
  depends:
  - __glibc >=2.17,<3.0.a0
  - libzlib 1.3.2 h25fd6f3_2
  license: Zlib
  license_family: Other
  size: 95931
  timestamp: 1774072620848
- conda: https://conda.anaconda.org/conda-forge/linux-64/zstd-1.5.7-hb78ec9c_6.conda
  sha256: 68f0206ca6e98fea941e5717cec780ed2873ffabc0e1ed34428c061e2c6268c7
  md5: 4a13eeac0b5c8e5b8ab496e6c4ddd829
  depends:
  - __glibc >=2.17,<3.0.a0
  - libzlib >=1.3.1,<2.0a0
  license: BSD-3-Clause
  license_family: BSD
  size: 601375
  timestamp: 1764777111296
